
Microsoft Visual Studio Solution File, Format Version 12.00
# Visual Studio Version 16
VisualStudioVersion = 16.0.30320.27
MinimumVisualStudioVersion = 10.0.40219.1
Project("{FAE04EC0-301F-11D3-BF4B-00C04F79EFBC}") = "DbSeedingProductProject", "DbSeedingProductProject.csproj", "{4B460BB0-B088-4EAA-A137-5CB29B67BEBF}"
EndProject
Global
	GlobalSection(SolutionConfigurationPlatforms) = preSolution
		Debug|Any CPU = Debug|Any CPU
		Release|Any CPU = Release|Any CPU
	EndGlobalSection
	GlobalSection(ProjectConfigurationPlatforms) = postSolution
		{4B460BB0-B088-4EAA-A137-5CB29B67BEBF}.Debug|Any CPU.ActiveCfg = Debug|Any CPU
		{4B460BB0-B088-4EAA-A137-5CB29B67BEBF}.Debug|Any CPU.Build.0 = Debug|Any CPU
		{4B460BB0-B088-4EAA-A137-5CB29B67BEBF}.Release|Any CPU.ActiveCfg = Release|Any CPU
		{4B460BB0-B088-4EAA-A137-5CB29B67BEBF}.Release|Any CPU.Build.0 = Release|Any CPU
	EndGlobalSection
	GlobalSection(SolutionProperties) = preSolution
		HideSolutionNode = FALSE
	EndGlobalSection
	GlobalSection(ExtensibilityGlobals) = postSolution
		SolutionGuid = {A20ADDF6-7CF1-47DF-BD0E-6286E2CB7254}
	EndGlobalSection
EndGlobal
